
Microsoft Visual Studio Solution File, Format Version 12.00
# Visual Studio 15
VisualStudioVersion = 15.0.26124.0
MinimumVisualStudioVersion = 15.0.26124.0
Project("{FAE04EC0-301F-11D3-BF4B-00C04F79EFBC}") = "Text", "Text\Text.csproj", "{23017CB4-568D-4A56-AAD0-90CC37FDF7F0}"
EndProject
Project("{FAE04EC0-301F-11D3-BF4B-00C04F79EFBC}") = "Text.Tests", "Text.Tests\Text.Tests.csproj", "{776099E6-8DA2-4860-B93C-D0C471CD358A}"
EndProject
Global
	GlobalSection(SolutionConfigurationPlatforms) = preSolution
		Debug|Any CPU = Debug|Any CPU
		Debug|x64 = Debug|x64
		Debug|x86 = Debug|x86
		Release|Any CPU = Release|Any CPU
		Release|x64 = Release|x64
		Release|x86 = Release|x86
	EndGlobalSection
	GlobalSection(SolutionProperties) = preSolution
		HideSolutionNode = FALSE
	EndGlobalSection
	GlobalSection(ProjectConfigurationPlatforms) = postSolution
		{23017CB4-568D-4A56-AAD0-90CC37FDF7F0}.Debug|Any CPU.ActiveCfg = Debug|Any CPU
		{23017CB4-568D-4A56-AAD0-90CC37FDF7F0}.Debug|Any CPU.Build.0 = Debug|Any CPU
		{23017CB4-568D-4A56-AAD0-90CC37FDF7F0}.Debug|x64.ActiveCfg = Debug|Any CPU
		{23017CB4-568D-4A56-AAD0-90CC37FDF7F0}.Debug|x64.Build.0 = Debug|Any CPU
		{23017CB4-568D-4A56-AAD0-90CC37FDF7F0}.Debug|x86.ActiveCfg = Debug|Any CPU
		{23017CB4-568D-4A56-AAD0-90CC37FDF7F0}.Debug|x86.Build.0 = Debug|Any CPU
		{23017CB4-568D-4A56-AAD0-90CC37FDF7F0}.Release|Any CPU.ActiveCfg = Release|Any CPU
		{23017CB4-568D-4A56-AAD0-90CC37FDF7F0}.Release|Any CPU.Build.0 = Release|Any CPU
		{23017CB4-568D-4A56-AAD0-90CC37FDF7F0}.Release|x64.ActiveCfg = Release|Any CPU
		{23017CB4-568D-4A56-AAD0-90CC37FDF7F0}.Release|x64.Build.0 = Release|Any CPU
		{23017CB4-568D-4A56-AAD0-90CC37FDF7F0}.Release|x86.ActiveCfg = Release|Any CPU
		{23017CB4-568D-4A56-AAD0-90CC37FDF7F0}.Release|x86.Build.0 = Release|Any CPU
		{776099E6-8DA2-4860-B93C-D0C471CD358A}.Debug|Any CPU.ActiveCfg = Debug|Any CPU
		{776099E6-8DA2-4860-B93C-D0C471CD358A}.Debug|Any CPU.Build.0 = Debug|Any CPU
		{776099E6-8DA2-4860-B93C-D0C471CD358A}.Debug|x64.ActiveCfg = Debug|Any CPU
		{776099E6-8DA2-4860-B93C-D0C471CD358A}.Debug|x64.Build.0 = Debug|Any CPU
		{776099E6-8DA2-4860-B93C-D0C471CD358A}.Debug|x86.ActiveCfg = Debug|Any CPU
		{776099E6-8DA2-4860-B93C-D0C471CD358A}.Debug|x86.Build.0 = Debug|Any CPU
		{776099E6-8DA2-4860-B93C-D0C471CD358A}.Release|Any CPU.ActiveCfg = Release|Any CPU
		{776099E6-8DA2-4860-B93C-D0C471CD358A}.Release|Any CPU.Build.0 = Release|Any CPU
		{776099E6-8DA2-4860-B93C-D0C471CD358A}.Release|x64.ActiveCfg = Release|Any CPU
		{776099E6-8DA2-4860-B93C-D0C471CD358A}.Release|x64.Build.0 = Release|Any CPU
		{776099E6-8DA2-4860-B93C-D0C471CD358A}.Release|x86.ActiveCfg = Release|Any CPU
		{776099E6-8DA2-4860-B93C-D0C471CD358A}.Release|x86.Build.0 = Release|Any CPU
	EndGlobalSection
EndGlobal
