
Microsoft Visual Studio Solution File, Format Version 12.00
# Visual Studio Version 16
VisualStudioVersion = 16.0.810.25
MinimumVisualStudioVersion = 10.0.40219.1
Project("{FAE04EC0-301F-11D3-BF4B-00C04F79EFBC}") = "InventoryManagement.Tests", "InventoryManagement.Tests.csproj", "{96CA3BD7-E29F-42E6-8CDF-5E50084F504D}"
EndProject
Global
	GlobalSection(SolutionConfigurationPlatforms) = preSolution
		Debug|Any CPU = Debug|Any CPU
		Release|Any CPU = Release|Any CPU
	EndGlobalSection
	GlobalSection(ProjectConfigurationPlatforms) = postSolution
		{96CA3BD7-E29F-42E6-8CDF-5E50084F504D}.Debug|Any CPU.ActiveCfg = Debug|Any CPU
		{96CA3BD7-E29F-42E6-8CDF-5E50084F504D}.Debug|Any CPU.Build.0 = Debug|Any CPU
		{96CA3BD7-E29F-42E6-8CDF-5E50084F504D}.Release|Any CPU.ActiveCfg = Release|Any CPU
		{96CA3BD7-E29F-42E6-8CDF-5E50084F504D}.Release|Any CPU.Build.0 = Release|Any CPU
	EndGlobalSection
	GlobalSection(SolutionProperties) = preSolution
		HideSolutionNode = FALSE
	EndGlobalSection
	GlobalSection(ExtensibilityGlobals) = postSolution
		SolutionGuid = {7CF7276D-D4B1-48B6-B4D7-642D9AAE3ED1}
	EndGlobalSection
EndGlobal
